// !$*UTF8*$!
{
	archiveVersion = 1;
	classes = {
	};
	objectVersion = 50;
	objects = {

/* Begin PBXBuildFile section */
		C93BBA0F265A4D6600CE9580 /* TMDb_TestApp.swift in Sources */ = {isa = PBXBuildFile; fileRef = C93BBA0E265A4D6600CE9580 /* TMDb_TestApp.swift */; };
		C93BBA11265A4D6600CE9580 /* ContentView.swift in Sources */ = {isa = PBXBuildFile; fileRef = C93BBA10265A4D6600CE9580 /* ContentView.swift */; };
		C93BBA13265A4D6A00CE9580 /* Assets.xcassets in Resources */ = {isa = PBXBuildFile; fileRef = C93BBA12265A4D6A00CE9580 /* Assets.xcassets */; };
		C93BBA16265A4D6A00CE9580 /* Preview Assets.xcassets in Resources */ = {isa = PBXBuildFile; fileRef = C93BBA15265A4D6A00CE9580 /* Preview Assets.xcassets */; };
		C93BBA1E265A57F700CE9580 /* APICaller.swift in Sources */ = {isa = PBXBuildFile; fileRef = C93BBA1D265A57F700CE9580 /* APICaller.swift */; };
		C93BBA20265A5B4F00CE9580 /* PopularMoviesResponceModel.swift in Sources */ = {isa = PBXBuildFile; fileRef = C93BBA1F265A5B4F00CE9580 /* PopularMoviesResponceModel.swift */; };
		C93BBA22265A622300CE9580 /* PopularMoviesView.swift in Sources */ = {isa = PBXBuildFile; fileRef = C93BBA21265A622300CE9580 /* PopularMoviesView.swift */; };
		C93BBA24265A72B300CE9580 /* CellUIView.swift in Sources */ = {isa = PBXBuildFile; fileRef = C93BBA23265A72B300CE9580 /* CellUIView.swift */; };
		C93BBA26265A84B200CE9580 /* Extension.swift in Sources */ = {isa = PBXBuildFile; fileRef = C93BBA25265A84B200CE9580 /* Extension.swift */; };
/* End PBXBuildFile section */

/* Begin PBXFileReference section */
		C93BBA0B265A4D6600CE9580 /* TMDb-Test.app */ = {isa = PBXFileReference; explicitFileType = wrapper.application; includeInIndex = 0; path = "TMDb-Test.app"; sourceTree = BUILT_PRODUCTS_DIR; };
		C93BBA0E265A4D6600CE9580 /* TMDb_TestApp.swift */ = {isa = PBXFileReference; lastKnownFileType = sourcecode.swift; path = TMDb_TestApp.swift; sourceTree = "<group>"; };
		C93BBA10265A4D6600CE9580 /* ContentView.swift */ = {isa = PBXFileReference; lastKnownFileType = sourcecode.swift; path = ContentView.swift; sourceTree = "<group>"; };
		C93BBA12265A4D6A00CE9580 /* Assets.xcassets */ = {isa = PBXFileReference; lastKnownFileType = folder.assetcatalog; path = Assets.xcassets; sourceTree = "<group>"; };
		C93BBA15265A4D6A00CE9580 /* Preview Assets.xcassets */ = {isa = PBXFileReference; lastKnownFileType = folder.assetcatalog; path = "Preview Assets.xcassets"; sourceTree = "<group>"; };
		C93BBA17265A4D6A00CE9580 /* Info.plist */ = {isa = PBXFileReference; lastKnownFileType = text.plist.xml; path = Info.plist; sourceTree = "<group>"; };
		C93BBA1D265A57F700CE9580 /* APICaller.swift */ = {isa = PBXFileReference; lastKnownFileType = sourcecode.swift; path = APICaller.swift; sourceTree = "<group>"; };
		C93BBA1F265A5B4F00CE9580 /* PopularMoviesResponceModel.swift */ = {isa = PBXFileReference; lastKnownFileType = sourcecode.swift; path = PopularMoviesResponceModel.swift; sourceTree = "<group>"; };
		C93BBA21265A622300CE9580 /* PopularMoviesView.swift */ = {isa = PBXFileReference; lastKnownFileType = sourcecode.swift; path = PopularMoviesView.swift; sourceTree = "<group>"; };
		C93BBA23265A72B300CE9580 /* CellUIView.swift */ = {isa = PBXFileReference; lastKnownFileType = sourcecode.swift; path = CellUIView.swift; sourceTree = "<group>"; };
		C93BBA25265A84B200CE9580 /* Extension.swift */ = {isa = PBXFileReference; lastKnownFileType = sourcecode.swift; path = Extension.swift; sourceTree = "<group>"; };
/* End PBXFileReference section */

/* Begin PBXFrameworksBuildPhase section */
		C93BBA08265A4D6600CE9580 /* Frameworks */ = {
			isa = PBXFrameworksBuildPhase;
			buildActionMask = 2147483647;
			files = (
			);
			runOnlyForDeploymentPostprocessing = 0;
		};
/* End PBXFrameworksBuildPhase section */

/* Begin PBXGroup section */
		C93BBA02265A4D6600CE9580 = {
			isa = PBXGroup;
			children = (
				C93BBA0D265A4D6600CE9580 /* TMDb-Test */,
				C93BBA0C265A4D6600CE9580 /* Products */,
			);
			sourceTree = "<group>";
		};
		C93BBA0C265A4D6600CE9580 /* Products */ = {
			isa = PBXGroup;
			children = (
				C93BBA0B265A4D6600CE9580 /* TMDb-Test.app */,
			);
			name = Products;
			sourceTree = "<group>";
		};
		C93BBA0D265A4D6600CE9580 /* TMDb-Test */ = {
			isa = PBXGroup;
			children = (
				C93BBA0E265A4D6600CE9580 /* TMDb_TestApp.swift */,
				C93BBA10265A4D6600CE9580 /* ContentView.swift */,
				C93BBA21265A622300CE9580 /* PopularMoviesView.swift */,
				C93BBA23265A72B300CE9580 /* CellUIView.swift */,
				C93BBA1D265A57F700CE9580 /* APICaller.swift */,
				C93BBA1F265A5B4F00CE9580 /* PopularMoviesResponceModel.swift */,
				C93BBA25265A84B200CE9580 /* Extension.swift */,
				C93BBA12265A4D6A00CE9580 /* Assets.xcassets */,
				C93BBA17265A4D6A00CE9580 /* Info.plist */,
				C93BBA14265A4D6A00CE9580 /* Preview Content */,
			);
			path = "TMDb-Test";
			sourceTree = "<group>";
		};
		C93BBA14265A4D6A00CE9580 /* Preview Content */ = {
			isa = PBXGroup;
			children = (
				C93BBA15265A4D6A00CE9580 /* Preview Assets.xcassets */,
			);
			path = "Preview Content";
			sourceTree = "<group>";
		};
/* End PBXGroup section */

/* Begin PBXNativeTarget section */
		C93BBA0A265A4D6600CE9580 /* TMDb-Test */ = {
			isa = PBXNativeTarget;
			buildConfigurationList = C93BBA1A265A4D6A00CE9580 /* Build configuration list for PBXNativeTarget "TMDb-Test" */;
			buildPhases = (
				C93BBA07265A4D6600CE9580 /* Sources */,
				C93BBA08265A4D6600CE9580 /* Frameworks */,
				C93BBA09265A4D6600CE9580 /* Resources */,
			);
			buildRules = (
			);
			dependencies = (
			);
			name = "TMDb-Test";
			productName = "TMDb-Test";
			productReference = C93BBA0B265A4D6600CE9580 /* TMDb-Test.app */;
			productType = "com.apple.product-type.application";
		};
/* End PBXNativeTarget section */

/* Begin PBXProject section */
		C93BBA03265A4D6600CE9580 /* Project object */ = {
			isa = PBXProject;
			attributes = {
				LastSwiftUpdateCheck = 1250;
				LastUpgradeCheck = 1250;
				TargetAttributes = {
					C93BBA0A265A4D6600CE9580 = {
						CreatedOnToolsVersion = 12.5;
					};
				};
			};
			buildConfigurationList = C93BBA06265A4D6600CE9580 /* Build configuration list for PBXProject "TMDb-Test" */;
			compatibilityVersion = "Xcode 9.3";
			developmentRegion = en;
			hasScannedForEncodings = 0;
			knownRegions = (
				en,
				Base,
			);
			mainGroup = C93BBA02265A4D6600CE9580;
			productRefGroup = C93BBA0C265A4D6600CE9580 /* Products */;
			projectDirPath = "";
			projectRoot = "";
			targets = (
				C93BBA0A265A4D6600CE9580 /* TMDb-Test */,
			);
		};
/* End PBXProject section */

/* Begin PBXResourcesBuildPhase section */
		C93BBA09265A4D6600CE9580 /* Resources */ = {
			isa = PBXResourcesBuildPhase;
			buildActionMask = 2147483647;
			files = (
				C93BBA16265A4D6A00CE9580 /* Preview Assets.xcassets in Resources */,
				C93BBA13265A4D6A00CE9580 /* Assets.xcassets in Resources */,
			);
			runOnlyForDeploymentPostprocessing = 0;
		};
/* End PBXResourcesBuildPhase section */

/* Begin PBXSourcesBuildPhase section */
		C93BBA07265A4D6600CE9580 /* Sources */ = {
			isa = PBXSourcesBuildPhase;
			buildActionMask = 2147483647;
			files = (
				C93BBA24265A72B300CE9580 /* CellUIView.swift in Sources */,
				C93BBA11265A4D6600CE9580 /* ContentView.swift in Sources */,
				C93BBA26265A84B200CE9580 /* Extension.swift in Sources */,
				C93BBA1E265A57F700CE9580 /* APICaller.swift in Sources */,
				C93BBA22265A622300CE9580 /* PopularMoviesView.swift in Sources */,
				C93BBA20265A5B4F00CE9580 /* PopularMoviesResponceModel.swift in Sources */,
				C93BBA0F265A4D6600CE9580 /* TMDb_TestApp.swift in Sources */,
			);
			runOnlyForDeploymentPostprocessing = 0;
		};
/* End PBXSourcesBuildPhase section */

/* Begin XCBuildConfiguration section */
		C93BBA18265A4D6A00CE9580 /* Debug */ = {
			isa = XCBuildConfiguration;
			buildSettings = {
				ALWAYS_SEARCH_USER_PATHS = NO;
				CLANG_ANALYZER_NONNULL = YES;
				CLANG_ANALYZER_NUMBER_OBJECT_CONVERSION = YES_AGGRESSIVE;
				CLANG_CXX_LANGUAGE_STANDARD = "gnu++14";
				CLANG_CXX_LIBRARY = "libc++";
				CLANG_ENABLE_MODULES = YES;
				CLANG_ENABLE_OBJC_ARC = YES;
				CLANG_ENABLE_OBJC_WEAK = YES;
				CLANG_WARN_BLOCK_CAPTURE_AUTORELEASING = YES;
				CLANG_WARN_BOOL_CONVERSION = YES;
				CLANG_WARN_COMMA = YES;
				CLANG_WARN_CONSTANT_CONVERSION = YES;
				CLANG_WARN_DEPRECATED_OBJC_IMPLEMENTATIONS = YES;
				CLANG_WARN_DIRECT_OBJC_ISA_USAGE = YES_ERROR;
				CLANG_WARN_DOCUMENTATION_COMMENTS = YES;
				CLANG_WARN_EMPTY_BODY = YES;
				CLANG_WARN_ENUM_CONVERSION = YES;
				CLANG_WARN_INFINITE_RECURSION = YES;
				CLANG_WARN_INT_CONVERSION = YES;
				CLANG_WARN_NON_LITERAL_NULL_CONVERSION = YES;
				CLANG_WARN_OBJC_IMPLICIT_RETAIN_SELF = YES;
				CLANG_WARN_OBJC_LITERAL_CONVERSION = YES;
				CLANG_WARN_OBJC_ROOT_CLASS = YES_ERROR;
				CLANG_WARN_QUOTED_INCLUDE_IN_FRAMEWORK_HEADER = YES;
				CLANG_WARN_RANGE_LOOP_ANALYSIS = YES;
				CLANG_WARN_STRICT_PROTOTYPES = YES;
				CLANG_WARN_SUSPICIOUS_MOVE = YES;
				CLANG_WARN_UNGUARDED_AVAILABILITY = YES_AGGRESSIVE;
				CLANG_WARN_UNREACHABLE_CODE = YES;
				CLANG_WARN__DUPLICATE_METHOD_MATCH = YES;
				COPY_PHASE_STRIP = NO;
				DEBUG_INFORMATION_FORMAT = dwarf;
				ENABLE_STRICT_OBJC_MSGSEND = YES;
				ENABLE_TESTABILITY = YES;
				GCC_C_LANGUAGE_STANDARD = gnu11;
				GCC_DYNAMIC_NO_PIC = NO;
				GCC_NO_COMMON_BLOCKS = YES;
				GCC_OPTIMIZATION_LEVEL = 0;
				GCC_PREPROCESSOR_DEFINITIONS = (
					"DEBUG=1",
					"$(inherited)",
				);
				GCC_WARN_64_TO_32_BIT_CONVERSION = YES;
				GCC_WARN_ABOUT_RETURN_TYPE = YES_ERROR;
				GCC_WARN_UNDECLARED_SELECTOR = YES;
				GCC_WARN_UNINITIALIZED_AUTOS = YES_AGGRESSIVE;
				GCC_WARN_UNUSED_FUNCTION = YES;
				GCC_WARN_UNUSED_VARIABLE = YES;
				IPHONEOS_DEPLOYMENT_TARGET = 14.5;
				MTL_ENABLE_DEBUG_INFO = INCLUDE_SOURCE;
				MTL_FAST_MATH = YES;
				ONLY_ACTIVE_ARCH = YES;
				SDKROOT = iphoneos;
				SWIFT_ACTIVE_COMPILATION_CONDITIONS = DEBUG;
				SWIFT_OPTIMIZATION_LEVEL = "-Onone";
			};
			name = Debug;
		};
		C93BBA19265A4D6A00CE9580 /* Release */ = {
			isa = XCBuildConfiguration;
			buildSettings = {
				ALWAYS_SEARCH_USER_PATHS = NO;
				CLANG_ANALYZER_NONNULL = YES;
				CLANG_ANALYZER_NUMBER_OBJECT_CONVERSION = YES_AGGRESSIVE;
				CLANG_CXX_LANGUAGE_STANDARD = "gnu++14";
				CLANG_CXX_LIBRARY = "libc++";
				CLANG_ENABLE_MODULES = YES;
				CLANG_ENABLE_OBJC_ARC = YES;
				CLANG_ENABLE_OBJC_WEAK = YES;
				CLANG_WARN_BLOCK_CAPTURE_AUTORELEASING = YES;
				CLANG_WARN_BOOL_CONVERSION = YES;
				CLANG_WARN_COMMA = YES;
				CLANG_WARN_CONSTANT_CONVERSION = YES;
				CLANG_WARN_DEPRECATED_OBJC_IMPLEMENTATIONS = YES;
				CLANG_WARN_DIRECT_OBJC_ISA_USAGE = YES_ERROR;
				CLANG_WARN_DOCUMENTATION_COMMENTS = YES;
				CLANG_WARN_EMPTY_BODY = YES;
				CLANG_WARN_ENUM_CONVERSION = YES;
				CLANG_WARN_INFINITE_RECURSION = YES;
				CLANG_WARN_INT_CONVERSION = YES;
				CLANG_WARN_NON_LITERAL_NULL_CONVERSION = YES;
				CLANG_WARN_OBJC_IMPLICIT_RETAIN_SELF = YES;
				CLANG_WARN_OBJC_LITERAL_CONVERSION = YES;
				CLANG_WARN_OBJC_ROOT_CLASS = YES_ERROR;
				CLANG_WARN_QUOTED_INCLUDE_IN_FRAMEWORK_HEADER = YES;
				CLANG_WARN_RANGE_LOOP_ANALYSIS = YES;
				CLANG_WARN_STRICT_PROTOTYPES = YES;
				CLANG_WARN_SUSPICIOUS_MOVE = YES;
				CLANG_WARN_UNGUARDED_AVAILABILITY = YES_AGGRESSIVE;
				CLANG_WARN_UNREACHABLE_CODE = YES;
				CLANG_WARN__DUPLICATE_METHOD_MATCH = YES;
				COPY_PHASE_STRIP = NO;
				DEBUG_INFORMATION_FORMAT = "dwarf-with-dsym";
				ENABLE_NS_ASSERTIONS = NO;
				ENABLE_STRICT_OBJC_MSGSEND = YES;
				GCC_C_LANGUAGE_STANDARD = gnu11;
				GCC_NO_COMMON_BLOCKS = YES;
				GCC_WARN_64_TO_32_BIT_CONVERSION = YES;
				GCC_WARN_ABOUT_RETURN_TYPE = YES_ERROR;
				GCC_WARN_UNDECLARED_SELECTOR = YES;
				GCC_WARN_UNINITIALIZED_AUTOS = YES_AGGRESSIVE;
				GCC_WARN_UNUSED_FUNCTION = YES;
				GCC_WARN_UNUSED_VARIABLE = YES;
				IPHONEOS_DEPLOYMENT_TARGET = 14.5;
				MTL_ENABLE_DEBUG_INFO = NO;
				MTL_FAST_MATH = YES;
				SDKROOT = iphoneos;
				SWIFT_COMPILATION_MODE = wholemodule;
				SWIFT_OPTIMIZATION_LEVEL = "-O";
				VALIDATE_PRODUCT = YES;
			};
			name = Release;
		};
		C93BBA1B265A4D6A00CE9580 /* Debug */ = {
			isa = XCBuildConfiguration;
			buildSettings = {
				ASSETCATALOG_COMPILER_APPICON_NAME = AppIcon;
				ASSETCATALOG_COMPILER_GLOBAL_ACCENT_COLOR_NAME = AccentColor;
				CODE_SIGN_STYLE = Automatic;
				DEVELOPMENT_ASSET_PATHS = "\"TMDb-Test/Preview Content\"";
				DEVELOPMENT_TEAM = ST445B2P7K;
				ENABLE_PREVIEWS = YES;
				INFOPLIST_FILE = "TMDb-Test/Info.plist";
				IPHONEOS_DEPLOYMENT_TARGET = 14.0;
				LD_RUNPATH_SEARCH_PATHS = (
					"$(inherited)",
					"@executable_path/Frameworks",
				);
				PRODUCT_BUNDLE_IDENTIFIER = "Home.TMDb-Test";
				PRODUCT_NAME = "$(TARGET_NAME)";
				SWIFT_VERSION = 5.0;
				TARGETED_DEVICE_FAMILY = "1,2";
			};
			name = Debug;
		};
		C93BBA1C265A4D6A00CE9580 /* Release */ = {
			isa = XCBuildConfiguration;
			buildSettings = {
				ASSETCATALOG_COMPILER_APPICON_NAME = AppIcon;
				ASSETCATALOG_COMPILER_GLOBAL_ACCENT_COLOR_NAME = AccentColor;
				CODE_SIGN_STYLE = Automatic;
				DEVELOPMENT_ASSET_PATHS = "\"TMDb-Test/Preview Content\"";
				DEVELOPMENT_TEAM = ST445B2P7K;
				ENABLE_PREVIEWS = YES;
				INFOPLIST_FILE = "TMDb-Test/Info.plist";
				IPHONEOS_DEPLOYMENT_TARGET = 14.0;
				LD_RUNPATH_SEARCH_PATHS = (
					"$(inherited)",
					"@executable_path/Frameworks",
				);
				PRODUCT_BUNDLE_IDENTIFIER = "Home.TMDb-Test";
				PRODUCT_NAME = "$(TARGET_NAME)";
				SWIFT_VERSION = 5.0;
				TARGETED_DEVICE_FAMILY = "1,2";
			};
			name = Release;
		};
/* End XCBuildConfiguration section */

/* Begin XCConfigurationList section */
		C93BBA06265A4D6600CE9580 /* Build configuration list for PBXProject "TMDb-Test" */ = {
			isa = XCConfigurationList;
			buildConfigurations = (
				C93BBA18265A4D6A00CE9580 /* Debug */,
				C93BBA19265A4D6A00CE9580 /* Release */,
			);
			defaultConfigurationIsVisible = 0;
			defaultConfigurationName = Release;
		};
		C93BBA1A265A4D6A00CE9580 /* Build configuration list for PBXNativeTarget "TMDb-Test" */ = {
			isa = XCConfigurationList;
			buildConfigurations = (
				C93BBA1B265A4D6A00CE9580 /* Debug */,
				C93BBA1C265A4D6A00CE9580 /* Release */,
			);
			defaultConfigurationIsVisible = 0;
			defaultConfigurationName = Release;
		};
/* End XCConfigurationList section */
	};
	rootObject = C93BBA03265A4D6600CE9580 /* Project object */;
}
